// !$*UTF8*$!
{
	archiveVersion = 1;
	classes = {
	};
	objectVersion = 46;
	objects = {

/* Begin PBXBuildFile section */
		17C8037319659AAB0095B975 /* AppDelegate.swift in Sources */ = {isa = PBXBuildFile; fileRef = 17C8037219659AAB0095B975 /* AppDelegate.swift */; };
		17C8037519659AAB0095B975 /* FirstViewController.swift in Sources */ = {isa = PBXBuildFile; fileRef = 17C8037419659AAB0095B975 /* FirstViewController.swift */; };
		17C8037719659AAB0095B975 /* SecondViewController.swift in Sources */ = {isa = PBXBuildFile; fileRef = 17C8037619659AAB0095B975 /* SecondViewController.swift */; };
		17C8037A19659AAB0095B975 /* Main.storyboard in Resources */ = {isa = PBXBuildFile; fileRef = 17C8037819659AAB0095B975 /* Main.storyboard */; };
		17C8037C19659AAB0095B975 /* Images.xcassets in Resources */ = {isa = PBXBuildFile; fileRef = 17C8037B19659AAB0095B975 /* Images.xcassets */; };
		17C8038819659AAB0095B975 /* Test_BillfoldTests.swift in Sources */ = {isa = PBXBuildFile; fileRef = 17C8038719659AAB0095B975 /* Test_BillfoldTests.swift */; };
		17C8039219659D7B0095B975 /* TaskManager.swift in Sources */ = {isa = PBXBuildFile; fileRef = 17C8039119659D7B0095B975 /* TaskManager.swift */; };
/* End PBXBuildFile section */

/* Begin PBXContainerItemProxy section */
		17C8038219659AAB0095B975 /* PBXContainerItemProxy */ = {
			isa = PBXContainerItemProxy;
			containerPortal = 17C8036519659AAB0095B975 /* Project object */;
			proxyType = 1;
			remoteGlobalIDString = 17C8036C19659AAB0095B975;
			remoteInfo = "Test-Billfold";
		};
/* End PBXContainerItemProxy section */

/* Begin PBXFileReference section */
		17C8036D19659AAB0095B975 /* Test-Billfold.app */ = {isa = PBXFileReference; explicitFileType = wrapper.application; includeInIndex = 0; path = "Test-Billfold.app"; sourceTree = BUILT_PRODUCTS_DIR; };
		17C8037119659AAB0095B975 /* Info.plist */ = {isa = PBXFileReference; lastKnownFileType = text.plist.xml; path = Info.plist; sourceTree = "<group>"; };
		17C8037219659AAB0095B975 /* AppDelegate.swift */ = {isa = PBXFileReference; lastKnownFileType = sourcecode.swift; path = AppDelegate.swift; sourceTree = "<group>"; };
		17C8037419659AAB0095B975 /* FirstViewController.swift */ = {isa = PBXFileReference; lastKnownFileType = sourcecode.swift; path = FirstViewController.swift; sourceTree = "<group>"; };
		17C8037619659AAB0095B975 /* SecondViewController.swift */ = {isa = PBXFileReference; lastKnownFileType = sourcecode.swift; path = SecondViewController.swift; sourceTree = "<group>"; };
		17C8037919659AAB0095B975 /* Base */ = {isa = PBXFileReference; lastKnownFileType = file.storyboard; name = Base; path = Base.lproj/Main.storyboard; sourceTree = "<group>"; };
		17C8037B19659AAB0095B975 /* Images.xcassets */ = {isa = PBXFileReference; lastKnownFileType = folder.assetcatalog; path = Images.xcassets; sourceTree = "<group>"; };
		17C8038119659AAB0095B975 /* Test-BillfoldTests.xctest */ = {isa = PBXFileReference; explicitFileType = wrapper.cfbundle; includeInIndex = 0; path = "Test-BillfoldTests.xctest"; sourceTree = BUILT_PRODUCTS_DIR; };
		17C8038619659AAB0095B975 /* Info.plist */ = {isa = PBXFileReference; lastKnownFileType = text.plist.xml; path = Info.plist; sourceTree = "<group>"; };
		17C8038719659AAB0095B975 /* Test_BillfoldTests.swift */ = {isa = PBXFileReference; lastKnownFileType = sourcecode.swift; path = Test_BillfoldTests.swift; sourceTree = "<group>"; };
		17C8039119659D7B0095B975 /* TaskManager.swift */ = {isa = PBXFileReference; fileEncoding = 4; lastKnownFileType = sourcecode.swift; path = TaskManager.swift; sourceTree = "<group>"; };
/* End PBXFileReference section */

/* Begin PBXFrameworksBuildPhase section */
		17C8036A19659AAB0095B975 /* Frameworks */ = {
			isa = PBXFrameworksBuildPhase;
			buildActionMask = 2147483647;
			files = (
			);
			runOnlyForDeploymentPostprocessing = 0;
		};
		17C8037E19659AAB0095B975 /* Frameworks */ = {
			isa = PBXFrameworksBuildPhase;
			buildActionMask = 2147483647;
			files = (
			);
			runOnlyForDeploymentPostprocessing = 0;
		};
/* End PBXFrameworksBuildPhase section */

/* Begin PBXGroup section */
		17C8036419659AAB0095B975 = {
			isa = PBXGroup;
			children = (
				17C8036F19659AAB0095B975 /* Test-Billfold */,
				17C8038419659AAB0095B975 /* Test-BillfoldTests */,
				17C8036E19659AAB0095B975 /* Products */,
			);
			sourceTree = "<group>";
		};
		17C8036E19659AAB0095B975 /* Products */ = {
			isa = PBXGroup;
			children = (
				17C8036D19659AAB0095B975 /* Test-Billfold.app */,
				17C8038119659AAB0095B975 /* Test-BillfoldTests.xctest */,
			);
			name = Products;
			sourceTree = "<group>";
		};
		17C8036F19659AAB0095B975 /* Test-Billfold */ = {
			isa = PBXGroup;
			children = (
				17C8037219659AAB0095B975 /* AppDelegate.swift */,
				17C8037419659AAB0095B975 /* FirstViewController.swift */,
				17C8037619659AAB0095B975 /* SecondViewController.swift */,
				17C8037819659AAB0095B975 /* Main.storyboard */,
				17C8037B19659AAB0095B975 /* Images.xcassets */,
				17C8037019659AAB0095B975 /* Supporting Files */,
				17C8039119659D7B0095B975 /* TaskManager.swift */,
			);
			path = "Test-Billfold";
			sourceTree = "<group>";
		};
		17C8037019659AAB0095B975 /* Supporting Files */ = {
			isa = PBXGroup;
			children = (
				17C8037119659AAB0095B975 /* Info.plist */,
			);
			name = "Supporting Files";
			sourceTree = "<group>";
		};
		17C8038419659AAB0095B975 /* Test-BillfoldTests */ = {
			isa = PBXGroup;
			children = (
				17C8038719659AAB0095B975 /* Test_BillfoldTests.swift */,
				17C8038519659AAB0095B975 /* Supporting Files */,
			);
			path = "Test-BillfoldTests";
			sourceTree = "<group>";
		};
		17C8038519659AAB0095B975 /* Supporting Files */ = {
			isa = PBXGroup;
			children = (
				17C8038619659AAB0095B975 /* Info.plist */,
			);
			name = "Supporting Files";
			sourceTree = "<group>";
		};
/* End PBXGroup section */

/* Begin PBXNativeTarget section */
		17C8036C19659AAB0095B975 /* Test-Billfold */ = {
			isa = PBXNativeTarget;
			buildConfigurationList = 17C8038B19659AAB0095B975 /* Build configuration list for PBXNativeTarget "Test-Billfold" */;
			buildPhases = (
				17C8036919659AAB0095B975 /* Sources */,
				17C8036A19659AAB0095B975 /* Frameworks */,
				17C8036B19659AAB0095B975 /* Resources */,
			);
			buildRules = (
			);
			dependencies = (
			);
			name = "Test-Billfold";
			productName = "Test-Billfold";
			productReference = 17C8036D19659AAB0095B975 /* Test-Billfold.app */;
			productType = "com.apple.product-type.application";
		};
		17C8038019659AAB0095B975 /* Test-BillfoldTests */ = {
			isa = PBXNativeTarget;
			buildConfigurationList = 17C8038E19659AAB0095B975 /* Build configuration list for PBXNativeTarget "Test-BillfoldTests" */;
			buildPhases = (
				17C8037D19659AAB0095B975 /* Sources */,
				17C8037E19659AAB0095B975 /* Frameworks */,
				17C8037F19659AAB0095B975 /* Resources */,
			);
			buildRules = (
			);
			dependencies = (
				17C8038319659AAB0095B975 /* PBXTargetDependency */,
			);
			name = "Test-BillfoldTests";
			productName = "Test-BillfoldTests";
			productReference = 17C8038119659AAB0095B975 /* Test-BillfoldTests.xctest */;
			productType = "com.apple.product-type.bundle.unit-test";
		};
/* End PBXNativeTarget section */

/* Begin PBXProject section */
		17C8036519659AAB0095B975 /* Project object */ = {
			isa = PBXProject;
			attributes = {
				LastUpgradeCheck = 0600;
				ORGANIZATIONNAME = "Kim Girard";
				TargetAttributes = {
					17C8036C19659AAB0095B975 = {
						CreatedOnToolsVersion = 6.0;
					};
					17C8038019659AAB0095B975 = {
						CreatedOnToolsVersion = 6.0;
						TestTargetID = 17C8036C19659AAB0095B975;
					};
				};
			};
			buildConfigurationList = 17C8036819659AAB0095B975 /* Build configuration list for PBXProject "Test-Billfold" */;
			compatibilityVersion = "Xcode 3.2";
			developmentRegion = English;
			hasScannedForEncodings = 0;
			knownRegions = (
				en,
				Base,
			);
			mainGroup = 17C8036419659AAB0095B975;
			productRefGroup = 17C8036E19659AAB0095B975 /* Products */;
			projectDirPath = "";
			projectRoot = "";
			targets = (
				17C8036C19659AAB0095B975 /* Test-Billfold */,
				17C8038019659AAB0095B975 /* Test-BillfoldTests */,
			);
		};
/* End PBXProject section */

/* Begin PBXResourcesBuildPhase section */
		17C8036B19659AAB0095B975 /* Resources */ = {
			isa = PBXResourcesBuildPhase;
			buildActionMask = 2147483647;
			files = (
				17C8037A19659AAB0095B975 /* Main.storyboard in Resources */,
				17C8037C19659AAB0095B975 /* Images.xcassets in Resources */,
			);
			runOnlyForDeploymentPostprocessing = 0;
		};
		17C8037F19659AAB0095B975 /* Resources */ = {
			isa = PBXResourcesBuildPhase;
			buildActionMask = 2147483647;
			files = (
			);
			runOnlyForDeploymentPostprocessing = 0;
		};
/* End PBXResourcesBuildPhase section */

/* Begin PBXSourcesBuildPhase section */
		17C8036919659AAB0095B975 /* Sources */ = {
			isa = PBXSourcesBuildPhase;
			buildActionMask = 2147483647;
			files = (
				17C8037719659AAB0095B975 /* SecondViewController.swift in Sources */,
				17C8037319659AAB0095B975 /* AppDelegate.swift in Sources */,
				17C8039219659D7B0095B975 /* TaskManager.swift in Sources */,
				17C8037519659AAB0095B975 /* FirstViewController.swift in Sources */,
			);
			runOnlyForDeploymentPostprocessing = 0;
		};
		17C8037D19659AAB0095B975 /* Sources */ = {
			isa = PBXSourcesBuildPhase;
			buildActionMask = 2147483647;
			files = (
				17C8038819659AAB0095B975 /* Test_BillfoldTests.swift in Sources */,
			);
			runOnlyForDeploymentPostprocessing = 0;
		};
/* End PBXSourcesBuildPhase section */

/* Begin PBXTargetDependency section */
		17C8038319659AAB0095B975 /* PBXTargetDependency */ = {
			isa = PBXTargetDependency;
			target = 17C8036C19659AAB0095B975 /* Test-Billfold */;
			targetProxy = 17C8038219659AAB0095B975 /* PBXContainerItemProxy */;
		};
/* End PBXTargetDependency section */

/* Begin PBXVariantGroup section */
		17C8037819659AAB0095B975 /* Main.storyboard */ = {
			isa = PBXVariantGroup;
			children = (
				17C8037919659AAB0095B975 /* Base */,
			);
			name = Main.storyboard;
			sourceTree = "<group>";
		};
/* End PBXVariantGroup section */

/* Begin XCBuildConfiguration section */
		17C8038919659AAB0095B975 /* Debug */ = {
			isa = XCBuildConfiguration;
			buildSettings = {
				ALWAYS_SEARCH_USER_PATHS = NO;
				CLANG_CXX_LANGUAGE_STANDARD = "gnu++0x";
				CLANG_CXX_LIBRARY = "libc++";
				CLANG_ENABLE_MODULES = YES;
				CLANG_ENABLE_OBJC_ARC = YES;
				CLANG_WARN_BOOL_CONVERSION = YES;
				CLANG_WARN_CONSTANT_CONVERSION = YES;
				CLANG_WARN_DIRECT_OBJC_ISA_USAGE = YES_ERROR;
				CLANG_WARN_EMPTY_BODY = YES;
				CLANG_WARN_ENUM_CONVERSION = YES;
				CLANG_WARN_INT_CONVERSION = YES;
				CLANG_WARN_OBJC_ROOT_CLASS = YES_ERROR;
				CLANG_WARN_UNREACHABLE_CODE = YES;
				CLANG_WARN__DUPLICATE_METHOD_MATCH = YES;
				"CODE_SIGN_IDENTITY[sdk=iphoneos*]" = "iPhone Developer";
				COPY_PHASE_STRIP = NO;
				ENABLE_STRICT_OBJC_MSGSEND = YES;
				GCC_C_LANGUAGE_STANDARD = gnu99;
				GCC_DYNAMIC_NO_PIC = NO;
				GCC_OPTIMIZATION_LEVEL = 0;
				GCC_PREPROCESSOR_DEFINITIONS = (
					"DEBUG=1",
					"$(inherited)",
				);
				GCC_SYMBOLS_PRIVATE_EXTERN = NO;
				GCC_WARN_64_TO_32_BIT_CONVERSION = YES;
				GCC_WARN_ABOUT_RETURN_TYPE = YES_ERROR;
				GCC_WARN_UNDECLARED_SELECTOR = YES;
				GCC_WARN_UNINITIALIZED_AUTOS = YES_AGGRESSIVE;
				GCC_WARN_UNUSED_FUNCTION = YES;
				GCC_WARN_UNUSED_VARIABLE = YES;
				IPHONEOS_DEPLOYMENT_TARGET = 8.0;
				METAL_ENABLE_DEBUG_INFO = YES;
				ONLY_ACTIVE_ARCH = YES;
				SDKROOT = iphoneos;
				SWIFT_OPTIMIZATION_LEVEL = "-Onone";
			};
			name = Debug;
		};
		17C8038A19659AAB0095B975 /* Release */ = {
			isa = XCBuildConfiguration;
			buildSettings = {
				ALWAYS_SEARCH_USER_PATHS = NO;
				CLANG_CXX_LANGUAGE_STANDARD = "gnu++0x";
				CLANG_CXX_LIBRARY = "libc++";
				CLANG_ENABLE_MODULES = YES;
				CLANG_ENABLE_OBJC_ARC = YES;
				CLANG_WARN_BOOL_CONVERSION = YES;
				CLANG_WARN_CONSTANT_CONVERSION = YES;
				CLANG_WARN_DIRECT_OBJC_ISA_USAGE = YES_ERROR;
				CLANG_WARN_EMPTY_BODY = YES;
				CLANG_WARN_ENUM_CONVERSION = YES;
				CLANG_WARN_INT_CONVERSION = YES;
				CLANG_WARN_OBJC_ROOT_CLASS = YES_ERROR;
				CLANG_WARN_UNREACHABLE_CODE = YES;
				CLANG_WARN__DUPLICATE_METHOD_MATCH = YES;
				"CODE_SIGN_IDENTITY[sdk=iphoneos*]" = "iPhone Developer";
				COPY_PHASE_STRIP = YES;
				ENABLE_NS_ASSERTIONS = NO;
				ENABLE_STRICT_OBJC_MSGSEND = YES;
				GCC_C_LANGUAGE_STANDARD = gnu99;
				GCC_WARN_64_TO_32_BIT_CONVERSION = YES;
				GCC_WARN_ABOUT_RETURN_TYPE = YES_ERROR;
				GCC_WARN_UNDECLARED_SELECTOR = YES;
				GCC_WARN_UNINITIALIZED_AUTOS = YES_AGGRESSIVE;
				GCC_WARN_UNUSED_FUNCTION = YES;
				GCC_WARN_UNUSED_VARIABLE = YES;
				IPHONEOS_DEPLOYMENT_TARGET = 8.0;
				METAL_ENABLE_DEBUG_INFO = NO;
				SDKROOT = iphoneos;
				VALIDATE_PRODUCT = YES;
			};
			name = Release;
		};
		17C8038C19659AAB0095B975 /* Debug */ = {
			isa = XCBuildConfiguration;
			buildSettings = {
				ASSETCATALOG_COMPILER_APPICON_NAME = AppIcon;
				ASSETCATALOG_COMPILER_LAUNCHIMAGE_NAME = LaunchImage;
				INFOPLIST_FILE = "Test-Billfold/Info.plist";
				LD_RUNPATH_SEARCH_PATHS = "$(inherited) @executable_path/Frameworks";
				PRODUCT_NAME = "$(TARGET_NAME)";
			};
			name = Debug;
		};
		17C8038D19659AAB0095B975 /* Release */ = {
			isa = XCBuildConfiguration;
			buildSettings = {
				ASSETCATALOG_COMPILER_APPICON_NAME = AppIcon;
				ASSETCATALOG_COMPILER_LAUNCHIMAGE_NAME = LaunchImage;
				INFOPLIST_FILE = "Test-Billfold/Info.plist";
				LD_RUNPATH_SEARCH_PATHS = "$(inherited) @executable_path/Frameworks";
				PRODUCT_NAME = "$(TARGET_NAME)";
			};
			name = Release;
		};
		17C8038F19659AAB0095B975 /* Debug */ = {
			isa = XCBuildConfiguration;
			buildSettings = {
				BUNDLE_LOADER = "$(BUILT_PRODUCTS_DIR)/Test-Billfold.app/Test-Billfold";
				FRAMEWORK_SEARCH_PATHS = (
					"$(SDKROOT)/Developer/Library/Frameworks",
					"$(inherited)",
				);
				GCC_PREPROCESSOR_DEFINITIONS = (
					"DEBUG=1",
					"$(inherited)",
				);
				INFOPLIST_FILE = "Test-BillfoldTests/Info.plist";
				LD_RUNPATH_SEARCH_PATHS = "$(inherited) @executable_path/Frameworks @loader_path/Frameworks";
				METAL_ENABLE_DEBUG_INFO = YES;
				PRODUCT_NAME = "$(TARGET_NAME)";
				TEST_HOST = "$(BUNDLE_LOADER)";
			};
			name = Debug;
		};
		17C8039019659AAB0095B975 /* Release */ = {
			isa = XCBuildConfiguration;
			buildSettings = {
				BUNDLE_LOADER = "$(BUILT_PRODUCTS_DIR)/Test-Billfold.app/Test-Billfold";
				FRAMEWORK_SEARCH_PATHS = (
					"$(SDKROOT)/Developer/Library/Frameworks",
					"$(inherited)",
				);
				INFOPLIST_FILE = "Test-BillfoldTests/Info.plist";
				LD_RUNPATH_SEARCH_PATHS = "$(inherited) @executable_path/Frameworks @loader_path/Frameworks";
				METAL_ENABLE_DEBUG_INFO = NO;
				PRODUCT_NAME = "$(TARGET_NAME)";
				TEST_HOST = "$(BUNDLE_LOADER)";
			};
			name = Release;
		};
/* End XCBuildConfiguration section */

/* Begin XCConfigurationList section */
		17C8036819659AAB0095B975 /* Build configuration list for PBXProject "Test-Billfold" */ = {
			isa = XCConfigurationList;
			buildConfigurations = (
				17C8038919659AAB0095B975 /* Debug */,
				17C8038A19659AAB0095B975 /* Release */,
			);
			defaultConfigurationIsVisible = 0;
			defaultConfigurationName = Release;
		};
		17C8038B19659AAB0095B975 /* Build configuration list for PBXNativeTarget "Test-Billfold" */ = {
			isa = XCConfigurationList;
			buildConfigurations = (
				17C8038C19659AAB0095B975 /* Debug */,
				17C8038D19659AAB0095B975 /* Release */,
			);
			defaultConfigurationIsVisible = 0;
		};
		17C8038E19659AAB0095B975 /* Build configuration list for PBXNativeTarget "Test-BillfoldTests" */ = {
			isa = XCConfigurationList;
			buildConfigurations = (
				17C8038F19659AAB0095B975 /* Debug */,
				17C8039019659AAB0095B975 /* Release */,
			);
			defaultConfigurationIsVisible = 0;
		};
/* End XCConfigurationList section */
	};
	rootObject = 17C8036519659AAB0095B975 /* Project object */;
}
